{
  "version": 4,
  "terraform_version": "1.11.3",
  "serial": 19,
  "lineage": "10dec70a-17c8-b91c-bd0b-8464421b7511",
  "outputs": {},
  "resources": [
    {
      "mode": "managed",
      "type": "aws_eip",
      "name": "cloudswitch360_nat_gateway_eip-az1a",
      "provider": "provider[\"registry.terraform.io/hashicorp/aws\"]",
      "instances": [
        {
          "schema_version": 0,
          "attributes": {
            "address": null,
            "allocation_id": "eipalloc-047fed7d60c9ef9fd",
            "arn": "arn:aws:ec2:us-east-2:051826738226:elastic-ip/eipalloc-047fed7d60c9ef9fd",
            "associate_with_private_ip": null,
            "association_id": "",
            "carrier_ip": "",
            "customer_owned_ip": "",
            "customer_owned_ipv4_pool": "",
            "domain": "vpc",
            "id": "eipalloc-047fed7d60c9ef9fd",
            "instance": "",
            "ipam_pool_id": null,
            "network_border_group": "us-east-2",
            "network_interface": "",
            "private_dns": null,
            "private_ip": "",
            "ptr_record": "",
            "public_dns": "ec2-3-130-106-165.us-east-2.compute.amazonaws.com",
            "public_ip": "3.130.106.165",
            "public_ipv4_pool": "amazon",
            "tags": {
              "Name": "cloudswitch360_project_nat_gateway_eip-az1a"
            },
            "tags_all": {
              "Name": "cloudswitch360_project_nat_gateway_eip-az1a"
            },
            "timeouts": null,
            "vpc": true
          },
          "sensitive_attributes": [],
          "private": "eyJlMmJmYjczMC1lY2FhLTExZTYtOGY4OC0zNDM2M2JjN2M0YzAiOnsiZGVsZXRlIjoxODAwMDAwMDAwMDAsInJlYWQiOjkwMDAwMDAwMDAwMCwidXBkYXRlIjozMDAwMDAwMDAwMDB9fQ=="
        }
      ]
    },
    {
      "mode": "managed",
      "type": "aws_internet_gateway",
      "name": "cloudswitch360_project_igw",
      "provider": "provider[\"registry.terraform.io/hashicorp/aws\"]",
      "instances": [
        {
          "schema_version": 0,
          "attributes": {
            "arn": "arn:aws:ec2:us-east-2:051826738226:internet-gateway/igw-0bf9693b8ee07cbf6",
            "id": "igw-0bf9693b8ee07cbf6",
            "owner_id": "051826738226",
            "tags": {
              "Name": "cloudswitch360_project_igw"
            },
            "tags_all": {
              "Name": "cloudswitch360_project_igw"
            },
            "timeouts": null,
            "vpc_id": "vpc-04b5255e0f449adf8"
          },
          "sensitive_attributes": [],
          "private": "eyJlMmJmYjczMC1lY2FhLTExZTYtOGY4OC0zNDM2M2JjN2M0YzAiOnsiY3JlYXRlIjoxMjAwMDAwMDAwMDAwLCJkZWxldGUiOjEyMDAwMDAwMDAwMDAsInVwZGF0ZSI6MTIwMDAwMDAwMDAwMH19",
          "dependencies": [
            "aws_vpc.cloudswitch360_project_vpc"
          ]
        }
      ]
    },
    {
      "mode": "managed",
      "type": "aws_nat_gateway",
      "name": "cloudswitch360_nat_gateway-az1a",
      "provider": "provider[\"registry.terraform.io/hashicorp/aws\"]",
      "instances": [
        {
          "schema_version": 0,
          "attributes": {
            "allocation_id": "eipalloc-047fed7d60c9ef9fd",
            "association_id": "eipassoc-0b4d3dc4ea6c64301",
            "connectivity_type": "public",
            "id": "nat-0631bb1a64d2b0620",
            "network_interface_id": "eni-09322084e1e0c1a15",
            "private_ip": "10.0.1.48",
            "public_ip": "3.130.106.165",
            "secondary_allocation_ids": null,
            "secondary_private_ip_address_count": 0,
            "secondary_private_ip_addresses": [],
            "subnet_id": "subnet-0f03ff7a067655b8e",
            "tags": {
              "Name": "cloudswitch360_nat_gateway-az1a"
            },
            "tags_all": {
              "Name": "cloudswitch360_nat_gateway-az1a"
            },
            "timeouts": null
          },
          "sensitive_attributes": [],
          "private": "eyJlMmJmYjczMC1lY2FhLTExZTYtOGY4OC0zNDM2M2JjN2M0YzAiOnsiY3JlYXRlIjo2MDAwMDAwMDAwMDAsImRlbGV0ZSI6MTgwMDAwMDAwMDAwMCwidXBkYXRlIjo2MDAwMDAwMDAwMDB9fQ==",
          "dependencies": [
            "aws_eip.cloudswitch360_nat_gateway_eip-az1a",
            "aws_internet_gateway.cloudswitch360_project_igw",
            "aws_subnet.cloudswitch360_project_public_subnet-az1a",
            "aws_vpc.cloudswitch360_project_vpc"
          ]
        }
      ]
    },
    {
      "mode": "managed",
      "type": "aws_route_table",
      "name": "cloudswitch360_private_rt",
      "provider": "provider[\"registry.terraform.io/hashicorp/aws\"]",
      "instances": [
        {
          "schema_version": 0,
          "attributes": {
            "arn": "arn:aws:ec2:us-east-2:051826738226:route-table/rtb-0f148912b1b652dbc",
            "id": "rtb-0f148912b1b652dbc",
            "owner_id": "051826738226",
            "propagating_vgws": [],
            "route": [
              {
                "carrier_gateway_id": "",
                "cidr_block": "0.0.0.0/0",
                "core_network_arn": "",
                "destination_prefix_list_id": "",
                "egress_only_gateway_id": "",
                "gateway_id": "nat-0631bb1a64d2b0620",
                "ipv6_cidr_block": "",
                "local_gateway_id": "",
                "nat_gateway_id": "",
                "network_interface_id": "",
                "transit_gateway_id": "",
                "vpc_endpoint_id": "",
                "vpc_peering_connection_id": ""
              }
            ],
            "tags": {
              "Name": "Route Table fpr Private Subnets"
            },
            "tags_all": {
              "Name": "Route Table fpr Private Subnets"
            },
            "timeouts": null,
            "vpc_id": "vpc-04b5255e0f449adf8"
          },
          "sensitive_attributes": [],
          "private": "eyJlMmJmYjczMC1lY2FhLTExZTYtOGY4OC0zNDM2M2JjN2M0YzAiOnsiY3JlYXRlIjozMDAwMDAwMDAwMDAsImRlbGV0ZSI6MzAwMDAwMDAwMDAwLCJ1cGRhdGUiOjEyMDAwMDAwMDAwMH19",
          "dependencies": [
            "aws_eip.cloudswitch360_nat_gateway_eip-az1a",
            "aws_internet_gateway.cloudswitch360_project_igw",
            "aws_nat_gateway.cloudswitch360_nat_gateway-az1a",
            "aws_subnet.cloudswitch360_project_public_subnet-az1a",
            "aws_vpc.cloudswitch360_project_vpc"
          ]
        }
      ]
    },
    {
      "mode": "managed",
      "type": "aws_route_table",
      "name": "cloudswitch360_public_rt",
      "provider": "provider[\"registry.terraform.io/hashicorp/aws\"]",
      "instances": [
        {
          "schema_version": 0,
          "attributes": {
            "arn": "arn:aws:ec2:us-east-2:051826738226:route-table/rtb-0ccb505a3e6e8dada",
            "id": "rtb-0ccb505a3e6e8dada",
            "owner_id": "051826738226",
            "propagating_vgws": [],
            "route": [
              {
                "carrier_gateway_id": "",
                "cidr_block": "0.0.0.0/0",
                "core_network_arn": "",
                "destination_prefix_list_id": "",
                "egress_only_gateway_id": "",
                "gateway_id": "igw-0bf9693b8ee07cbf6",
                "ipv6_cidr_block": "",
                "local_gateway_id": "",
                "nat_gateway_id": "",
                "network_interface_id": "",
                "transit_gateway_id": "",
                "vpc_endpoint_id": "",
                "vpc_peering_connection_id": ""
              }
            ],
            "tags": {
              "Name": "cloudswitch360_public_rt"
            },
            "tags_all": {
              "Name": "cloudswitch360_public_rt"
            },
            "timeouts": null,
            "vpc_id": "vpc-04b5255e0f449adf8"
          },
          "sensitive_attributes": [],
          "private": "eyJlMmJmYjczMC1lY2FhLTExZTYtOGY4OC0zNDM2M2JjN2M0YzAiOnsiY3JlYXRlIjozMDAwMDAwMDAwMDAsImRlbGV0ZSI6MzAwMDAwMDAwMDAwLCJ1cGRhdGUiOjEyMDAwMDAwMDAwMH19",
          "dependencies": [
            "aws_internet_gateway.cloudswitch360_project_igw",
            "aws_vpc.cloudswitch360_project_vpc"
          ]
        }
      ]
    },
    {
      "mode": "managed",
      "type": "aws_route_table_association",
      "name": "private_app_subnet_association_az1a",
      "provider": "provider[\"registry.terraform.io/hashicorp/aws\"]",
      "instances": [
        {
          "schema_version": 0,
          "attributes": {
            "gateway_id": "",
            "id": "rtbassoc-0332e01e8f3c195d0",
            "route_table_id": "rtb-0f148912b1b652dbc",
            "subnet_id": "subnet-0804166b4f4a571f3",
            "timeouts": null
          },
          "sensitive_attributes": [],
          "private": "eyJlMmJmYjczMC1lY2FhLTExZTYtOGY4OC0zNDM2M2JjN2M0YzAiOnsiY3JlYXRlIjozMDAwMDAwMDAwMDAsImRlbGV0ZSI6MzAwMDAwMDAwMDAwLCJ1cGRhdGUiOjEyMDAwMDAwMDAwMH19",
          "dependencies": [
            "aws_eip.cloudswitch360_nat_gateway_eip-az1a",
            "aws_internet_gateway.cloudswitch360_project_igw",
            "aws_nat_gateway.cloudswitch360_nat_gateway-az1a",
            "aws_route_table.cloudswitch360_private_rt",
            "aws_subnet.cloudswitch360_project_private_app_subnet-az1a",
            "aws_subnet.cloudswitch360_project_public_subnet-az1a",
            "aws_vpc.cloudswitch360_project_vpc"
          ]
        }
      ]
    },
    {
      "mode": "managed",
      "type": "aws_route_table_association",
      "name": "private_app_subnet_association_az1b",
      "provider": "provider[\"registry.terraform.io/hashicorp/aws\"]",
      "instances": [
        {
          "schema_version": 0,
          "attributes": {
            "gateway_id": "",
            "id": "rtbassoc-0efca8bbfcadcc7c4",
            "route_table_id": "rtb-0f148912b1b652dbc",
            "subnet_id": "subnet-0b9601916bf51342c",
            "timeouts": null
          },
          "sensitive_attributes": [],
          "private": "eyJlMmJmYjczMC1lY2FhLTExZTYtOGY4OC0zNDM2M2JjN2M0YzAiOnsiY3JlYXRlIjozMDAwMDAwMDAwMDAsImRlbGV0ZSI6MzAwMDAwMDAwMDAwLCJ1cGRhdGUiOjEyMDAwMDAwMDAwMH19",
          "dependencies": [
            "aws_eip.cloudswitch360_nat_gateway_eip-az1a",
            "aws_internet_gateway.cloudswitch360_project_igw",
            "aws_nat_gateway.cloudswitch360_nat_gateway-az1a",
            "aws_route_table.cloudswitch360_private_rt",
            "aws_subnet.cloudswitch360_project_private_app_subnet-az1b",
            "aws_subnet.cloudswitch360_project_public_subnet-az1a",
            "aws_vpc.cloudswitch360_project_vpc"
          ]
        }
      ]
    },
    {
      "mode": "managed",
      "type": "aws_route_table_association",
      "name": "private_db_subnet_association_az1a",
      "provider": "provider[\"registry.terraform.io/hashicorp/aws\"]",
      "instances": [
        {
          "schema_version": 0,
          "attributes": {
            "gateway_id": "",
            "id": "rtbassoc-0ebb6ddc6ba4e1b09",
            "route_table_id": "rtb-0f148912b1b652dbc",
            "subnet_id": "subnet-07f36e195c67651a8",
            "timeouts": null
          },
          "sensitive_attributes": [],
          "private": "eyJlMmJmYjczMC1lY2FhLTExZTYtOGY4OC0zNDM2M2JjN2M0YzAiOnsiY3JlYXRlIjozMDAwMDAwMDAwMDAsImRlbGV0ZSI6MzAwMDAwMDAwMDAwLCJ1cGRhdGUiOjEyMDAwMDAwMDAwMH19",
          "dependencies": [
            "aws_eip.cloudswitch360_nat_gateway_eip-az1a",
            "aws_internet_gateway.cloudswitch360_project_igw",
            "aws_nat_gateway.cloudswitch360_nat_gateway-az1a",
            "aws_route_table.cloudswitch360_private_rt",
            "aws_subnet.cloudswitch360_project_private_db_subnet-az1a",
            "aws_subnet.cloudswitch360_project_public_subnet-az1a",
            "aws_vpc.cloudswitch360_project_vpc"
          ]
        }
      ]
    },
    {
      "mode": "managed",
      "type": "aws_route_table_association",
      "name": "private_db_subnet_association_az1b",
      "provider": "provider[\"registry.terraform.io/hashicorp/aws\"]",
      "instances": [
        {
          "schema_version": 0,
          "attributes": {
            "gateway_id": "",
            "id": "rtbassoc-038cfee3721216ad4",
            "route_table_id": "rtb-0f148912b1b652dbc",
            "subnet_id": "subnet-08e7ac6e877419676",
            "timeouts": null
          },
          "sensitive_attributes": [],
          "private": "eyJlMmJmYjczMC1lY2FhLTExZTYtOGY4OC0zNDM2M2JjN2M0YzAiOnsiY3JlYXRlIjozMDAwMDAwMDAwMDAsImRlbGV0ZSI6MzAwMDAwMDAwMDAwLCJ1cGRhdGUiOjEyMDAwMDAwMDAwMH19",
          "dependencies": [
            "aws_eip.cloudswitch360_nat_gateway_eip-az1a",
            "aws_internet_gateway.cloudswitch360_project_igw",
            "aws_nat_gateway.cloudswitch360_nat_gateway-az1a",
            "aws_route_table.cloudswitch360_private_rt",
            "aws_subnet.cloudswitch360_project_private_db_subnet-az1b",
            "aws_subnet.cloudswitch360_project_public_subnet-az1a",
            "aws_vpc.cloudswitch360_project_vpc"
          ]
        }
      ]
    },
    {
      "mode": "managed",
      "type": "aws_route_table_association",
      "name": "public_subnet_association_az1a",
      "provider": "provider[\"registry.terraform.io/hashicorp/aws\"]",
      "instances": [
        {
          "schema_version": 0,
          "attributes": {
            "gateway_id": "",
            "id": "rtbassoc-05d391afcf80ea29f",
            "route_table_id": "rtb-0ccb505a3e6e8dada",
            "subnet_id": "subnet-0f03ff7a067655b8e",
            "timeouts": null
          },
          "sensitive_attributes": [],
          "private": "eyJlMmJmYjczMC1lY2FhLTExZTYtOGY4OC0zNDM2M2JjN2M0YzAiOnsiY3JlYXRlIjozMDAwMDAwMDAwMDAsImRlbGV0ZSI6MzAwMDAwMDAwMDAwLCJ1cGRhdGUiOjEyMDAwMDAwMDAwMH19",
          "dependencies": [
            "aws_internet_gateway.cloudswitch360_project_igw",
            "aws_route_table.cloudswitch360_public_rt",
            "aws_subnet.cloudswitch360_project_public_subnet-az1a",
            "aws_vpc.cloudswitch360_project_vpc"
          ]
        }
      ]
    },
    {
      "mode": "managed",
      "type": "aws_route_table_association",
      "name": "public_subnet_association_az1b",
      "provider": "provider[\"registry.terraform.io/hashicorp/aws\"]",
      "instances": [
        {
          "schema_version": 0,
          "attributes": {
            "gateway_id": "",
            "id": "rtbassoc-0d3fa2ee116384646",
            "route_table_id": "rtb-0ccb505a3e6e8dada",
            "subnet_id": "subnet-03fb005f91095ec0e",
            "timeouts": null
          },
          "sensitive_attributes": [],
          "private": "eyJlMmJmYjczMC1lY2FhLTExZTYtOGY4OC0zNDM2M2JjN2M0YzAiOnsiY3JlYXRlIjozMDAwMDAwMDAwMDAsImRlbGV0ZSI6MzAwMDAwMDAwMDAwLCJ1cGRhdGUiOjEyMDAwMDAwMDAwMH19",
          "dependencies": [
            "aws_internet_gateway.cloudswitch360_project_igw",
            "aws_route_table.cloudswitch360_public_rt",
            "aws_subnet.cloudswitch360_project_public_subnet-az1b",
            "aws_vpc.cloudswitch360_project_vpc"
          ]
        }
      ]
    },
    {
      "mode": "managed",
      "type": "aws_subnet",
      "name": "cloudswitch360_project_private_app_subnet-az1a",
      "provider": "provider[\"registry.terraform.io/hashicorp/aws\"]",
      "instances": [
        {
          "schema_version": 1,
          "attributes": {
            "arn": "arn:aws:ec2:us-east-2:051826738226:subnet/subnet-0804166b4f4a571f3",
            "assign_ipv6_address_on_creation": false,
            "availability_zone": "us-east-2a",
            "availability_zone_id": "use2-az1",
            "cidr_block": "10.0.3.0/24",
            "customer_owned_ipv4_pool": "",
            "enable_dns64": false,
            "enable_lni_at_device_index": 0,
            "enable_resource_name_dns_a_record_on_launch": false,
            "enable_resource_name_dns_aaaa_record_on_launch": false,
            "id": "subnet-0804166b4f4a571f3",
            "ipv6_cidr_block": "",
            "ipv6_cidr_block_association_id": "",
            "ipv6_native": false,
            "map_customer_owned_ip_on_launch": false,
            "map_public_ip_on_launch": false,
            "outpost_arn": "",
            "owner_id": "051826738226",
            "private_dns_hostname_type_on_launch": "ip-name",
            "tags": {
              "Name": "cloudswitch360_project_private_app_subnet-az1a"
            },
            "tags_all": {
              "Name": "cloudswitch360_project_private_app_subnet-az1a"
            },
            "timeouts": null,
            "vpc_id": "vpc-04b5255e0f449adf8"
          },
          "sensitive_attributes": [],
          "private": "eyJlMmJmYjczMC1lY2FhLTExZTYtOGY4OC0zNDM2M2JjN2M0YzAiOnsiY3JlYXRlIjo2MDAwMDAwMDAwMDAsImRlbGV0ZSI6MTIwMDAwMDAwMDAwMH0sInNjaGVtYV92ZXJzaW9uIjoiMSJ9",
          "dependencies": [
            "aws_internet_gateway.cloudswitch360_project_igw",
            "aws_vpc.cloudswitch360_project_vpc"
          ]
        }
      ]
    },
    {
      "mode": "managed",
      "type": "aws_subnet",
      "name": "cloudswitch360_project_private_app_subnet-az1b",
      "provider": "provider[\"registry.terraform.io/hashicorp/aws\"]",
      "instances": [
        {
          "schema_version": 1,
          "attributes": {
            "arn": "arn:aws:ec2:us-east-2:051826738226:subnet/subnet-0b9601916bf51342c",
            "assign_ipv6_address_on_creation": false,
            "availability_zone": "us-east-2b",
            "availability_zone_id": "use2-az2",
            "cidr_block": "10.0.4.0/24",
            "customer_owned_ipv4_pool": "",
            "enable_dns64": false,
            "enable_lni_at_device_index": 0,
            "enable_resource_name_dns_a_record_on_launch": false,
            "enable_resource_name_dns_aaaa_record_on_launch": false,
            "id": "subnet-0b9601916bf51342c",
            "ipv6_cidr_block": "",
            "ipv6_cidr_block_association_id": "",
            "ipv6_native": false,
            "map_customer_owned_ip_on_launch": false,
            "map_public_ip_on_launch": false,
            "outpost_arn": "",
            "owner_id": "051826738226",
            "private_dns_hostname_type_on_launch": "ip-name",
            "tags": {
              "Name": "cloudswitch360_project_private_app_subnet-az1b"
            },
            "tags_all": {
              "Name": "cloudswitch360_project_private_app_subnet-az1b"
            },
            "timeouts": null,
            "vpc_id": "vpc-04b5255e0f449adf8"
          },
          "sensitive_attributes": [],
          "private": "eyJlMmJmYjczMC1lY2FhLTExZTYtOGY4OC0zNDM2M2JjN2M0YzAiOnsiY3JlYXRlIjo2MDAwMDAwMDAwMDAsImRlbGV0ZSI6MTIwMDAwMDAwMDAwMH0sInNjaGVtYV92ZXJzaW9uIjoiMSJ9",
          "dependencies": [
            "aws_internet_gateway.cloudswitch360_project_igw",
            "aws_vpc.cloudswitch360_project_vpc"
          ]
        }
      ]
    },
    {
      "mode": "managed",
      "type": "aws_subnet",
      "name": "cloudswitch360_project_private_db_subnet-az1a",
      "provider": "provider[\"registry.terraform.io/hashicorp/aws\"]",
      "instances": [
        {
          "schema_version": 1,
          "attributes": {
            "arn": "arn:aws:ec2:us-east-2:051826738226:subnet/subnet-07f36e195c67651a8",
            "assign_ipv6_address_on_creation": false,
            "availability_zone": "us-east-2a",
            "availability_zone_id": "use2-az1",
            "cidr_block": "10.0.5.0/24",
            "customer_owned_ipv4_pool": "",
            "enable_dns64": false,
            "enable_lni_at_device_index": 0,
            "enable_resource_name_dns_a_record_on_launch": false,
            "enable_resource_name_dns_aaaa_record_on_launch": false,
            "id": "subnet-07f36e195c67651a8",
            "ipv6_cidr_block": "",
            "ipv6_cidr_block_association_id": "",
            "ipv6_native": false,
            "map_customer_owned_ip_on_launch": false,
            "map_public_ip_on_launch": false,
            "outpost_arn": "",
            "owner_id": "051826738226",
            "private_dns_hostname_type_on_launch": "ip-name",
            "tags": {
              "Name": "cloudswitch360_project_private_db_subnet-az1a"
            },
            "tags_all": {
              "Name": "cloudswitch360_project_private_db_subnet-az1a"
            },
            "timeouts": null,
            "vpc_id": "vpc-04b5255e0f449adf8"
          },
          "sensitive_attributes": [],
          "private": "eyJlMmJmYjczMC1lY2FhLTExZTYtOGY4OC0zNDM2M2JjN2M0YzAiOnsiY3JlYXRlIjo2MDAwMDAwMDAwMDAsImRlbGV0ZSI6MTIwMDAwMDAwMDAwMH0sInNjaGVtYV92ZXJzaW9uIjoiMSJ9",
          "dependencies": [
            "aws_internet_gateway.cloudswitch360_project_igw",
            "aws_vpc.cloudswitch360_project_vpc"
          ]
        }
      ]
    },
    {
      "mode": "managed",
      "type": "aws_subnet",
      "name": "cloudswitch360_project_private_db_subnet-az1b",
      "provider": "provider[\"registry.terraform.io/hashicorp/aws\"]",
      "instances": [
        {
          "schema_version": 1,
          "attributes": {
            "arn": "arn:aws:ec2:us-east-2:051826738226:subnet/subnet-08e7ac6e877419676",
            "assign_ipv6_address_on_creation": false,
            "availability_zone": "us-east-2b",
            "availability_zone_id": "use2-az2",
            "cidr_block": "10.0.6.0/24",
            "customer_owned_ipv4_pool": "",
            "enable_dns64": false,
            "enable_lni_at_device_index": 0,
            "enable_resource_name_dns_a_record_on_launch": false,
            "enable_resource_name_dns_aaaa_record_on_launch": false,
            "id": "subnet-08e7ac6e877419676",
            "ipv6_cidr_block": "",
            "ipv6_cidr_block_association_id": "",
            "ipv6_native": false,
            "map_customer_owned_ip_on_launch": false,
            "map_public_ip_on_launch": false,
            "outpost_arn": "",
            "owner_id": "051826738226",
            "private_dns_hostname_type_on_launch": "ip-name",
            "tags": {
              "Name": "cloudswitch360_project_private_db_subnet-az1a"
            },
            "tags_all": {
              "Name": "cloudswitch360_project_private_db_subnet-az1a"
            },
            "timeouts": null,
            "vpc_id": "vpc-04b5255e0f449adf8"
          },
          "sensitive_attributes": [],
          "private": "eyJlMmJmYjczMC1lY2FhLTExZTYtOGY4OC0zNDM2M2JjN2M0YzAiOnsiY3JlYXRlIjo2MDAwMDAwMDAwMDAsImRlbGV0ZSI6MTIwMDAwMDAwMDAwMH0sInNjaGVtYV92ZXJzaW9uIjoiMSJ9",
          "dependencies": [
            "aws_internet_gateway.cloudswitch360_project_igw",
            "aws_vpc.cloudswitch360_project_vpc"
          ]
        }
      ]
    },
    {
      "mode": "managed",
      "type": "aws_subnet",
      "name": "cloudswitch360_project_public_subnet-az1a",
      "provider": "provider[\"registry.terraform.io/hashicorp/aws\"]",
      "instances": [
        {
          "schema_version": 1,
          "attributes": {
            "arn": "arn:aws:ec2:us-east-2:051826738226:subnet/subnet-0f03ff7a067655b8e",
            "assign_ipv6_address_on_creation": false,
            "availability_zone": "us-east-2a",
            "availability_zone_id": "use2-az1",
            "cidr_block": "10.0.1.0/24",
            "customer_owned_ipv4_pool": "",
            "enable_dns64": false,
            "enable_lni_at_device_index": 0,
            "enable_resource_name_dns_a_record_on_launch": false,
            "enable_resource_name_dns_aaaa_record_on_launch": false,
            "id": "subnet-0f03ff7a067655b8e",
            "ipv6_cidr_block": "",
            "ipv6_cidr_block_association_id": "",
            "ipv6_native": false,
            "map_customer_owned_ip_on_launch": false,
            "map_public_ip_on_launch": true,
            "outpost_arn": "",
            "owner_id": "051826738226",
            "private_dns_hostname_type_on_launch": "ip-name",
            "tags": {
              "Name": "cloudswitch360_project_public_subnet-az1a"
            },
            "tags_all": {
              "Name": "cloudswitch360_project_public_subnet-az1a"
            },
            "timeouts": null,
            "vpc_id": "vpc-04b5255e0f449adf8"
          },
          "sensitive_attributes": [],
          "private": "eyJlMmJmYjczMC1lY2FhLTExZTYtOGY4OC0zNDM2M2JjN2M0YzAiOnsiY3JlYXRlIjo2MDAwMDAwMDAwMDAsImRlbGV0ZSI6MTIwMDAwMDAwMDAwMH0sInNjaGVtYV92ZXJzaW9uIjoiMSJ9",
          "dependencies": [
            "aws_internet_gateway.cloudswitch360_project_igw",
            "aws_vpc.cloudswitch360_project_vpc"
          ]
        }
      ]
    },
    {
      "mode": "managed",
      "type": "aws_subnet",
      "name": "cloudswitch360_project_public_subnet-az1b",
      "provider": "provider[\"registry.terraform.io/hashicorp/aws\"]",
      "instances": [
        {
          "schema_version": 1,
          "attributes": {
            "arn": "arn:aws:ec2:us-east-2:051826738226:subnet/subnet-03fb005f91095ec0e",
            "assign_ipv6_address_on_creation": false,
            "availability_zone": "us-east-2b",
            "availability_zone_id": "use2-az2",
            "cidr_block": "10.0.2.0/24",
            "customer_owned_ipv4_pool": "",
            "enable_dns64": false,
            "enable_lni_at_device_index": 0,
            "enable_resource_name_dns_a_record_on_launch": false,
            "enable_resource_name_dns_aaaa_record_on_launch": false,
            "id": "subnet-03fb005f91095ec0e",
            "ipv6_cidr_block": "",
            "ipv6_cidr_block_association_id": "",
            "ipv6_native": false,
            "map_customer_owned_ip_on_launch": false,
            "map_public_ip_on_launch": true,
            "outpost_arn": "",
            "owner_id": "051826738226",
            "private_dns_hostname_type_on_launch": "ip-name",
            "tags": {
              "Name": "cloudswitch360_project_public_subnet-az1b"
            },
            "tags_all": {
              "Name": "cloudswitch360_project_public_subnet-az1b"
            },
            "timeouts": null,
            "vpc_id": "vpc-04b5255e0f449adf8"
          },
          "sensitive_attributes": [],
          "private": "eyJlMmJmYjczMC1lY2FhLTExZTYtOGY4OC0zNDM2M2JjN2M0YzAiOnsiY3JlYXRlIjo2MDAwMDAwMDAwMDAsImRlbGV0ZSI6MTIwMDAwMDAwMDAwMH0sInNjaGVtYV92ZXJzaW9uIjoiMSJ9",
          "dependencies": [
            "aws_internet_gateway.cloudswitch360_project_igw",
            "aws_vpc.cloudswitch360_project_vpc"
          ]
        }
      ]
    },
    {
      "mode": "managed",
      "type": "aws_vpc",
      "name": "cloudswitch360_project_vpc",
      "provider": "provider[\"registry.terraform.io/hashicorp/aws\"]",
      "instances": [
        {
          "schema_version": 1,
          "attributes": {
            "arn": "arn:aws:ec2:us-east-2:051826738226:vpc/vpc-04b5255e0f449adf8",
            "assign_generated_ipv6_cidr_block": false,
            "cidr_block": "10.0.0.0/16",
            "default_network_acl_id": "acl-04d972b050edd87dd",
            "default_route_table_id": "rtb-077a8c0351a21f1f0",
            "default_security_group_id": "sg-000a6764712fc6910",
            "dhcp_options_id": "dopt-079684f3ca1f06974",
            "enable_dns_hostnames": true,
            "enable_dns_support": true,
            "enable_network_address_usage_metrics": false,
            "id": "vpc-04b5255e0f449adf8",
            "instance_tenancy": "default",
            "ipv4_ipam_pool_id": null,
            "ipv4_netmask_length": null,
            "ipv6_association_id": "",
            "ipv6_cidr_block": "",
            "ipv6_cidr_block_network_border_group": "",
            "ipv6_ipam_pool_id": "",
            "ipv6_netmask_length": 0,
            "main_route_table_id": "rtb-077a8c0351a21f1f0",
            "owner_id": "051826738226",
            "tags": {
              "Name": "cloudswitch360_project_vpc"
            },
            "tags_all": {
              "Name": "cloudswitch360_project_vpc"
            }
          },
          "sensitive_attributes": [],
          "private": "eyJzY2hlbWFfdmVyc2lvbiI6IjEifQ=="
        }
      ]
    }
  ],
  "check_results": null
}
